{
  "name": "make-app",
  "version": "1.0.0",
  "lockfileVersion": 3,
  "requires": true,
  "packages": {
    "": {
      "name": "make-app",
      "version": "1.0.0",
      "license": "ISC",
      "dependencies": {
        "@makehq/sdk": "^1.6.19"
      }
    },
    "node_modules/@makehq/sdk": {
      "version": "1.6.19",
      "resolved": "https://registry.npmjs.org/@makehq/sdk/-/sdk-1.6.19.tgz",
      "integrity": "sha512-ncV8UjVVIJRD6kJxDKvbrx5Gz+ZRtfwsnFwutiIv5U87yngwcv04ZU9udLIldx4JL8F2ijVhM1mDR4t7aP9iqg==",
      "license": "MIT",
      "engines": {
        "node": ">=20"
      }
    }
  }
}
